
Microsoft Visual Studio Solution File, Format Version 12.00
# Visual Studio 15
VisualStudioVersion = 15.0.27130.2027
MinimumVisualStudioVersion = 10.0.40219.1
Project("{FAE04EC0-301F-11D3-BF4B-00C04F79EFBC}") = "FirstHelperLibraryMsTests", "DemoConsoleUITests\FirstHelperLibraryMsTests.csproj", "{C94F7C3E-6015-49C3-B7C0-7F345AB8554C}"
EndProject
Project("{FAE04EC0-301F-11D3-BF4B-00C04F79EFBC}") = "FirstHelperLibrary", "FirstHelperLibrary.UnitTests\FirstHelperLibrary.csproj", "{F5278DC8-4924-4365-A400-C29BF93A121D}"
EndProject
Project("{FAE04EC0-301F-11D3-BF4B-00C04F79EFBC}") = "FirstHelperLibrary.XunitTest", "FirstHelperLibrary.XunitTest\FirstHelperLibrary.XunitTest.csproj", "{5C2315F6-917C-4BF0-8515-5EDE80646F3B}"
EndProject
Project("{FAE04EC0-301F-11D3-BF4B-00C04F79EFBC}") = "DemoFormUI", "..\SQLDataAccessExample\DemoFormUI\DemoFormUI.csproj", "{86852CEA-B91E-4EB8-B810-212818E958FA}"
EndProject
Project("{FAE04EC0-301F-11D3-BF4B-00C04F79EFBC}") = "DemoConsoleApp", "DemoConsoleApp\DemoConsoleApp.csproj", "{B51EAEF6-CD9C-4684-B2AA-ECAE606D1545}"
EndProject
Global
	GlobalSection(SolutionConfigurationPlatforms) = preSolution
		Debug|Any CPU = Debug|Any CPU
		Debug|ARM = Debug|ARM
		Debug|x64 = Debug|x64
		Debug|x86 = Debug|x86
		Release|Any CPU = Release|Any CPU
		Release|ARM = Release|ARM
		Release|x64 = Release|x64
		Release|x86 = Release|x86
	EndGlobalSection
	GlobalSection(ProjectConfigurationPlatforms) = postSolution
		{C94F7C3E-6015-49C3-B7C0-7F345AB8554C}.Debug|Any CPU.ActiveCfg = Debug|Any CPU
		{C94F7C3E-6015-49C3-B7C0-7F345AB8554C}.Debug|Any CPU.Build.0 = Debug|Any CPU
		{C94F7C3E-6015-49C3-B7C0-7F345AB8554C}.Debug|ARM.ActiveCfg = Debug|Any CPU
		{C94F7C3E-6015-49C3-B7C0-7F345AB8554C}.Debug|ARM.Build.0 = Debug|Any CPU
		{C94F7C3E-6015-49C3-B7C0-7F345AB8554C}.Debug|x64.ActiveCfg = Debug|Any CPU
		{C94F7C3E-6015-49C3-B7C0-7F345AB8554C}.Debug|x64.Build.0 = Debug|Any CPU
		{C94F7C3E-6015-49C3-B7C0-7F345AB8554C}.Debug|x86.ActiveCfg = Debug|Any CPU
		{C94F7C3E-6015-49C3-B7C0-7F345AB8554C}.Debug|x86.Build.0 = Debug|Any CPU
		{C94F7C3E-6015-49C3-B7C0-7F345AB8554C}.Release|Any CPU.ActiveCfg = Release|Any CPU
		{C94F7C3E-6015-49C3-B7C0-7F345AB8554C}.Release|Any CPU.Build.0 = Release|Any CPU
		{C94F7C3E-6015-49C3-B7C0-7F345AB8554C}.Release|ARM.ActiveCfg = Release|Any CPU
		{C94F7C3E-6015-49C3-B7C0-7F345AB8554C}.Release|ARM.Build.0 = Release|Any CPU
		{C94F7C3E-6015-49C3-B7C0-7F345AB8554C}.Release|x64.ActiveCfg = Release|Any CPU
		{C94F7C3E-6015-49C3-B7C0-7F345AB8554C}.Release|x64.Build.0 = Release|Any CPU
		{C94F7C3E-6015-49C3-B7C0-7F345AB8554C}.Release|x86.ActiveCfg = Release|Any CPU
		{C94F7C3E-6015-49C3-B7C0-7F345AB8554C}.Release|x86.Build.0 = Release|Any CPU
		{F5278DC8-4924-4365-A400-C29BF93A121D}.Debug|Any CPU.ActiveCfg = Debug|Any CPU
		{F5278DC8-4924-4365-A400-C29BF93A121D}.Debug|Any CPU.Build.0 = Debug|Any CPU
		{F5278DC8-4924-4365-A400-C29BF93A121D}.Debug|ARM.ActiveCfg = Debug|Any CPU
		{F5278DC8-4924-4365-A400-C29BF93A121D}.Debug|ARM.Build.0 = Debug|Any CPU
		{F5278DC8-4924-4365-A400-C29BF93A121D}.Debug|x64.ActiveCfg = Debug|Any CPU
		{F5278DC8-4924-4365-A400-C29BF93A121D}.Debug|x64.Build.0 = Debug|Any CPU
		{F5278DC8-4924-4365-A400-C29BF93A121D}.Debug|x86.ActiveCfg = Debug|Any CPU
		{F5278DC8-4924-4365-A400-C29BF93A121D}.Debug|x86.Build.0 = Debug|Any CPU
		{F5278DC8-4924-4365-A400-C29BF93A121D}.Release|Any CPU.ActiveCfg = Release|Any CPU
		{F5278DC8-4924-4365-A400-C29BF93A121D}.Release|Any CPU.Build.0 = Release|Any CPU
		{F5278DC8-4924-4365-A400-C29BF93A121D}.Release|ARM.ActiveCfg = Release|Any CPU
		{F5278DC8-4924-4365-A400-C29BF93A121D}.Release|ARM.Build.0 = Release|Any CPU
		{F5278DC8-4924-4365-A400-C29BF93A121D}.Release|x64.ActiveCfg = Release|Any CPU
		{F5278DC8-4924-4365-A400-C29BF93A121D}.Release|x64.Build.0 = Release|Any CPU
		{F5278DC8-4924-4365-A400-C29BF93A121D}.Release|x86.ActiveCfg = Release|Any CPU
		{F5278DC8-4924-4365-A400-C29BF93A121D}.Release|x86.Build.0 = Release|Any CPU
		{5C2315F6-917C-4BF0-8515-5EDE80646F3B}.Debug|Any CPU.ActiveCfg = Debug|Any CPU
		{5C2315F6-917C-4BF0-8515-5EDE80646F3B}.Debug|Any CPU.Build.0 = Debug|Any CPU
		{5C2315F6-917C-4BF0-8515-5EDE80646F3B}.Debug|ARM.ActiveCfg = Debug|Any CPU
		{5C2315F6-917C-4BF0-8515-5EDE80646F3B}.Debug|ARM.Build.0 = Debug|Any CPU
		{5C2315F6-917C-4BF0-8515-5EDE80646F3B}.Debug|x64.ActiveCfg = Debug|Any CPU
		{5C2315F6-917C-4BF0-8515-5EDE80646F3B}.Debug|x64.Build.0 = Debug|Any CPU
		{5C2315F6-917C-4BF0-8515-5EDE80646F3B}.Debug|x86.ActiveCfg = Debug|Any CPU
		{5C2315F6-917C-4BF0-8515-5EDE80646F3B}.Debug|x86.Build.0 = Debug|Any CPU
		{5C2315F6-917C-4BF0-8515-5EDE80646F3B}.Release|Any CPU.ActiveCfg = Release|Any CPU
		{5C2315F6-917C-4BF0-8515-5EDE80646F3B}.Release|Any CPU.Build.0 = Release|Any CPU
		{5C2315F6-917C-4BF0-8515-5EDE80646F3B}.Release|ARM.ActiveCfg = Release|Any CPU
		{5C2315F6-917C-4BF0-8515-5EDE80646F3B}.Release|ARM.Build.0 = Release|Any CPU
		{5C2315F6-917C-4BF0-8515-5EDE80646F3B}.Release|x64.ActiveCfg = Release|Any CPU
		{5C2315F6-917C-4BF0-8515-5EDE80646F3B}.Release|x64.Build.0 = Release|Any CPU
		{5C2315F6-917C-4BF0-8515-5EDE80646F3B}.Release|x86.ActiveCfg = Release|Any CPU
		{5C2315F6-917C-4BF0-8515-5EDE80646F3B}.Release|x86.Build.0 = Release|Any CPU
		{86852CEA-B91E-4EB8-B810-212818E958FA}.Debug|Any CPU.ActiveCfg = Debug|Any CPU
		{86852CEA-B91E-4EB8-B810-212818E958FA}.Debug|Any CPU.Build.0 = Debug|Any CPU
		{86852CEA-B91E-4EB8-B810-212818E958FA}.Debug|ARM.ActiveCfg = Debug|Any CPU
		{86852CEA-B91E-4EB8-B810-212818E958FA}.Debug|ARM.Build.0 = Debug|Any CPU
		{86852CEA-B91E-4EB8-B810-212818E958FA}.Debug|x64.ActiveCfg = Debug|Any CPU
		{86852CEA-B91E-4EB8-B810-212818E958FA}.Debug|x64.Build.0 = Debug|Any CPU
		{86852CEA-B91E-4EB8-B810-212818E958FA}.Debug|x86.ActiveCfg = Debug|Any CPU
		{86852CEA-B91E-4EB8-B810-212818E958FA}.Debug|x86.Build.0 = Debug|Any CPU
		{86852CEA-B91E-4EB8-B810-212818E958FA}.Release|Any CPU.ActiveCfg = Release|Any CPU
		{86852CEA-B91E-4EB8-B810-212818E958FA}.Release|Any CPU.Build.0 = Release|Any CPU
		{86852CEA-B91E-4EB8-B810-212818E958FA}.Release|ARM.ActiveCfg = Release|Any CPU
		{86852CEA-B91E-4EB8-B810-212818E958FA}.Release|ARM.Build.0 = Release|Any CPU
		{86852CEA-B91E-4EB8-B810-212818E958FA}.Release|x64.ActiveCfg = Release|Any CPU
		{86852CEA-B91E-4EB8-B810-212818E958FA}.Release|x64.Build.0 = Release|Any CPU
		{86852CEA-B91E-4EB8-B810-212818E958FA}.Release|x86.ActiveCfg = Release|Any CPU
		{86852CEA-B91E-4EB8-B810-212818E958FA}.Release|x86.Build.0 = Release|Any CPU
		{B51EAEF6-CD9C-4684-B2AA-ECAE606D1545}.Debug|Any CPU.ActiveCfg = Debug|Any CPU
		{B51EAEF6-CD9C-4684-B2AA-ECAE606D1545}.Debug|Any CPU.Build.0 = Debug|Any CPU
		{B51EAEF6-CD9C-4684-B2AA-ECAE606D1545}.Debug|ARM.ActiveCfg = Debug|Any CPU
		{B51EAEF6-CD9C-4684-B2AA-ECAE606D1545}.Debug|ARM.Build.0 = Debug|Any CPU
		{B51EAEF6-CD9C-4684-B2AA-ECAE606D1545}.Debug|x64.ActiveCfg = Debug|Any CPU
		{B51EAEF6-CD9C-4684-B2AA-ECAE606D1545}.Debug|x64.Build.0 = Debug|Any CPU
		{B51EAEF6-CD9C-4684-B2AA-ECAE606D1545}.Debug|x86.ActiveCfg = Debug|Any CPU
		{B51EAEF6-CD9C-4684-B2AA-ECAE606D1545}.Debug|x86.Build.0 = Debug|Any CPU
		{B51EAEF6-CD9C-4684-B2AA-ECAE606D1545}.Release|Any CPU.ActiveCfg = Release|Any CPU
		{B51EAEF6-CD9C-4684-B2AA-ECAE606D1545}.Release|Any CPU.Build.0 = Release|Any CPU
		{B51EAEF6-CD9C-4684-B2AA-ECAE606D1545}.Release|ARM.ActiveCfg = Release|Any CPU
		{B51EAEF6-CD9C-4684-B2AA-ECAE606D1545}.Release|ARM.Build.0 = Release|Any CPU
		{B51EAEF6-CD9C-4684-B2AA-ECAE606D1545}.Release|x64.ActiveCfg = Release|Any CPU
		{B51EAEF6-CD9C-4684-B2AA-ECAE606D1545}.Release|x64.Build.0 = Release|Any CPU
		{B51EAEF6-CD9C-4684-B2AA-ECAE606D1545}.Release|x86.ActiveCfg = Release|Any CPU
		{B51EAEF6-CD9C-4684-B2AA-ECAE606D1545}.Release|x86.Build.0 = Release|Any CPU
	EndGlobalSection
	GlobalSection(SolutionProperties) = preSolution
		HideSolutionNode = FALSE
	EndGlobalSection
	GlobalSection(ExtensibilityGlobals) = postSolution
		SolutionGuid = {1DA4AF85-B39B-42E4-A03E-441641962CDD}
	EndGlobalSection
EndGlobal
